
Microsoft Visual Studio Solution File, Format Version 12.00
# Visual Studio Version 17
VisualStudioVersion = 17.12.35707.178
MinimumVisualStudioVersion = 10.0.40219.1
Project("{2150E333-8FDC-42A3-9474-1A3956D46DE8}") = "Services", "Services", "{B63EAF7D-7C48-4E8B-AF76-A78BC056E586}"
EndProject
Project("{2150E333-8FDC-42A3-9474-1A3956D46DE8}") = "Integration", "Integration", "{1D1A9E8D-91D8-461B-876A-B5FEAB5FBB73}"
EndProject
Project("{2150E333-8FDC-42A3-9474-1A3956D46DE8}") = "Gateway", "Gateway", "{623EC15A-CCB4-4CC2-B7BB-AE2567F0B030}"
EndProject
Project("{2150E333-8FDC-42A3-9474-1A3956D46DE8}") = "FrontEnd", "FrontEnd", "{9E8A184B-2AF0-422F-83FA-EA4635AB468C}"
EndProject
Project("{FAE04EC0-301F-11D3-BF4B-00C04F79EFBC}") = "TechGears.Services.Auth", "TechGears.Services.Auth\TechGears.Services.Auth.csproj", "{88A84DAE-7558-4668-AEB4-1A855ADF4F7F}"
EndProject
Project("{FAE04EC0-301F-11D3-BF4B-00C04F79EFBC}") = "TechGears.Services.LeadManagmentAPI", "TechGears.Services.LeadManagmentAPI\TechGears.Services.LeadManagmentAPI.csproj", "{7029675C-0A75-46B8-87D7-4246C25EAF68}"
EndProject
Project("{FAE04EC0-301F-11D3-BF4B-00C04F79EFBC}") = "TechGears.Services.CustomerAPI", "TechGears.Services.CustomerAPI\TechGears.Services.CustomerAPI.csproj", "{9AB40760-2527-499E-82F5-AFF85D8AFDE2}"
EndProject
Project("{FAE04EC0-301F-11D3-BF4B-00C04F79EFBC}") = "TechGears.Web", "TechGears.Web\TechGears.Web.csproj", "{0CDB7853-2057-4EDD-8DB1-C01F31A0E45F}"
EndProject
Project("{FAE04EC0-301F-11D3-BF4B-00C04F79EFBC}") = "TechGears.Services.InteractionAPI", "TechGears.Services.InteractionAPI\TechGears.Services.InteractionAPI.csproj", "{FD2C1931-2C27-474C-AFB4-4534DAC449E5}"
EndProject
Project("{FAE04EC0-301F-11D3-BF4B-00C04F79EFBC}") = "TechGears.Services.TaskAPI", "TechGears.Services.TaskAPI\TechGears.Services.TaskAPI.csproj", "{E4267036-B2D1-455C-AA5F-7E3127E4A637}"
EndProject
Global
	GlobalSection(SolutionConfigurationPlatforms) = preSolution
		Debug|Any CPU = Debug|Any CPU
		Release|Any CPU = Release|Any CPU
	EndGlobalSection
	GlobalSection(ProjectConfigurationPlatforms) = postSolution
		{88A84DAE-7558-4668-AEB4-1A855ADF4F7F}.Debug|Any CPU.ActiveCfg = Debug|Any CPU
		{88A84DAE-7558-4668-AEB4-1A855ADF4F7F}.Debug|Any CPU.Build.0 = Debug|Any CPU
		{88A84DAE-7558-4668-AEB4-1A855ADF4F7F}.Release|Any CPU.ActiveCfg = Release|Any CPU
		{88A84DAE-7558-4668-AEB4-1A855ADF4F7F}.Release|Any CPU.Build.0 = Release|Any CPU
		{7029675C-0A75-46B8-87D7-4246C25EAF68}.Debug|Any CPU.ActiveCfg = Debug|Any CPU
		{7029675C-0A75-46B8-87D7-4246C25EAF68}.Debug|Any CPU.Build.0 = Debug|Any CPU
		{7029675C-0A75-46B8-87D7-4246C25EAF68}.Release|Any CPU.ActiveCfg = Release|Any CPU
		{7029675C-0A75-46B8-87D7-4246C25EAF68}.Release|Any CPU.Build.0 = Release|Any CPU
		{9AB40760-2527-499E-82F5-AFF85D8AFDE2}.Debug|Any CPU.ActiveCfg = Debug|Any CPU
		{9AB40760-2527-499E-82F5-AFF85D8AFDE2}.Debug|Any CPU.Build.0 = Debug|Any CPU
		{9AB40760-2527-499E-82F5-AFF85D8AFDE2}.Release|Any CPU.ActiveCfg = Release|Any CPU
		{9AB40760-2527-499E-82F5-AFF85D8AFDE2}.Release|Any CPU.Build.0 = Release|Any CPU
		{0CDB7853-2057-4EDD-8DB1-C01F31A0E45F}.Debug|Any CPU.ActiveCfg = Debug|Any CPU
		{0CDB7853-2057-4EDD-8DB1-C01F31A0E45F}.Debug|Any CPU.Build.0 = Debug|Any CPU
		{0CDB7853-2057-4EDD-8DB1-C01F31A0E45F}.Release|Any CPU.ActiveCfg = Release|Any CPU
		{0CDB7853-2057-4EDD-8DB1-C01F31A0E45F}.Release|Any CPU.Build.0 = Release|Any CPU
		{FD2C1931-2C27-474C-AFB4-4534DAC449E5}.Debug|Any CPU.ActiveCfg = Debug|Any CPU
		{FD2C1931-2C27-474C-AFB4-4534DAC449E5}.Debug|Any CPU.Build.0 = Debug|Any CPU
		{FD2C1931-2C27-474C-AFB4-4534DAC449E5}.Release|Any CPU.ActiveCfg = Release|Any CPU
		{FD2C1931-2C27-474C-AFB4-4534DAC449E5}.Release|Any CPU.Build.0 = Release|Any CPU
		{E4267036-B2D1-455C-AA5F-7E3127E4A637}.Debug|Any CPU.ActiveCfg = Debug|Any CPU
		{E4267036-B2D1-455C-AA5F-7E3127E4A637}.Debug|Any CPU.Build.0 = Debug|Any CPU
		{E4267036-B2D1-455C-AA5F-7E3127E4A637}.Release|Any CPU.ActiveCfg = Release|Any CPU
		{E4267036-B2D1-455C-AA5F-7E3127E4A637}.Release|Any CPU.Build.0 = Release|Any CPU
	EndGlobalSection
	GlobalSection(SolutionProperties) = preSolution
		HideSolutionNode = FALSE
	EndGlobalSection
	GlobalSection(NestedProjects) = preSolution
		{88A84DAE-7558-4668-AEB4-1A855ADF4F7F} = {B63EAF7D-7C48-4E8B-AF76-A78BC056E586}
		{7029675C-0A75-46B8-87D7-4246C25EAF68} = {B63EAF7D-7C48-4E8B-AF76-A78BC056E586}
		{9AB40760-2527-499E-82F5-AFF85D8AFDE2} = {B63EAF7D-7C48-4E8B-AF76-A78BC056E586}
		{0CDB7853-2057-4EDD-8DB1-C01F31A0E45F} = {9E8A184B-2AF0-422F-83FA-EA4635AB468C}
		{FD2C1931-2C27-474C-AFB4-4534DAC449E5} = {B63EAF7D-7C48-4E8B-AF76-A78BC056E586}
		{E4267036-B2D1-455C-AA5F-7E3127E4A637} = {B63EAF7D-7C48-4E8B-AF76-A78BC056E586}
	EndGlobalSection
EndGlobal
