Microsoft Visual Studio Solution File, Format Version 12.00
# Visual Studio Version 17
VisualStudioVersion = 17.5.2.0
MinimumVisualStudioVersion = 10.0.40219.1
Project("{FAE04EC0-301F-11D3-BF4B-00C04F79EFBC}") = "TechGears.Services.Auth", "TechGears.Services.Auth.csproj", "{E0681591-D384-CCB5-4A11-DD7966D83E9A}"
EndProject
Global
	GlobalSection(SolutionConfigurationPlatforms) = preSolution
		Debug|Any CPU = Debug|Any CPU
		Release|Any CPU = Release|Any CPU
	EndGlobalSection
	GlobalSection(ProjectConfigurationPlatforms) = postSolution
		{E0681591-D384-CCB5-4A11-DD7966D83E9A}.Debug|Any CPU.ActiveCfg = Debug|Any CPU
		{E0681591-D384-CCB5-4A11-DD7966D83E9A}.Debug|Any CPU.Build.0 = Debug|Any CPU
		{E0681591-D384-CCB5-4A11-DD7966D83E9A}.Release|Any CPU.ActiveCfg = Release|Any CPU
		{E0681591-D384-CCB5-4A11-DD7966D83E9A}.Release|Any CPU.Build.0 = Release|Any CPU
	EndGlobalSection
	GlobalSection(SolutionProperties) = preSolution
		HideSolutionNode = FALSE
	EndGlobalSection
	GlobalSection(ExtensibilityGlobals) = postSolution
		SolutionGuid = {1DA5FFF4-0E64-475F-BDE9-02ABFA4C61E0}
	EndGlobalSection
EndGlobal
